
Microsoft Visual Studio Solution File, Format Version 12.00
# Visual Studio Version 17
VisualStudioVersion = 17.7.34024.191
MinimumVisualStudioVersion = 10.0.40219.1
Project("{FAE04EC0-301F-11D3-BF4B-00C04F79EFBC}") = "AES_enc_dec", "AES_enc_dec\AES_enc_dec.csproj", "{70758FF9-276F-4555-9C68-67B95CC1945D}"
EndProject
Global
	GlobalSection(SolutionConfigurationPlatforms) = preSolution
		Debug|Any CPU = Debug|Any CPU
		Release|Any CPU = Release|Any CPU
	EndGlobalSection
	GlobalSection(ProjectConfigurationPlatforms) = postSolution
		{70758FF9-276F-4555-9C68-67B95CC1945D}.Debug|Any CPU.ActiveCfg = Debug|Any CPU
		{70758FF9-276F-4555-9C68-67B95CC1945D}.Debug|Any CPU.Build.0 = Debug|Any CPU
		{70758FF9-276F-4555-9C68-67B95CC1945D}.Release|Any CPU.ActiveCfg = Release|Any CPU
		{70758FF9-276F-4555-9C68-67B95CC1945D}.Release|Any CPU.Build.0 = Release|Any CPU
	EndGlobalSection
	GlobalSection(SolutionProperties) = preSolution
		HideSolutionNode = FALSE
	EndGlobalSection
	GlobalSection(ExtensibilityGlobals) = postSolution
		SolutionGuid = {AD65FBC6-A2BC-4BE8-934B-305E8B73267D}
	EndGlobalSection
EndGlobal
